
Microsoft Visual Studio Solution File, Format Version 12.00
# Visual Studio Version 17
VisualStudioVersion = 17.5.2.0
MinimumVisualStudioVersion = 10.0.40219.1
Project("{FAE04EC0-301F-11D3-BF4B-00C04F79EFBC}") = "InterviewPractice", "InterviewPractice\InterviewPractice.csproj", "{C62F11FE-BA8D-9A28-3E2E-88DA0614C4A7}"
EndProject
Project("{2150E333-8FDC-42A3-9474-1A3956D46DE8}") = "Problems", "Problems", "{BEC6521A-F901-2BBF-F273-35A4FDC6E8A1}"
EndProject
Project("{FAE04EC0-301F-11D3-BF4B-00C04F79EFBC}") = "TwoSumProblem", "Problems\TwoSumProblem\TwoSumProblem.csproj", "{BEADB5FA-E21F-44C1-B1D6-2D714A06C9C7}"
EndProject
Project("{FAE04EC0-301F-11D3-BF4B-00C04F79EFBC}") = "ValidPalindromeProblem", "Problems\ValidPalindromeProblem\ValidPalindromeProblem.csproj", "{91C39FFA-8F02-48F1-A41D-C1B0F8F51D7A}"
EndProject
Project("{FAE04EC0-301F-11D3-BF4B-00C04F79EFBC}") = "TwoSum2Sorted", "Problems\TwoSum2Sorted\TwoSum2Sorted.csproj", "{6034164F-780C-4781-8AC8-B3B6F96EF3D9}"
EndProject
Project("{2150E333-8FDC-42A3-9474-1A3956D46DE8}") = "leetcode75", "leetcode75", "{DEB6B027-6A0D-83F8-631D-D514AE904363}"
EndProject
Project("{FAE04EC0-301F-11D3-BF4B-00C04F79EFBC}") = "MergeStrings", "leetcode75\MergeStrings\MergeStrings.csproj", "{B3E6D4EE-3E60-4C00-8F1A-723C1FB0D429}"
EndProject
Project("{FAE04EC0-301F-11D3-BF4B-00C04F79EFBC}") = "ReverseWordsInString", "leetcode75\ReverseWordsInString\ReverseWordsInString.csproj", "{E57AB30E-6EEC-49D6-AA2C-9AA611B2EA39}"
EndProject
Global
	GlobalSection(SolutionConfigurationPlatforms) = preSolution
		Debug|Any CPU = Debug|Any CPU
		Debug|x64 = Debug|x64
		Debug|x86 = Debug|x86
		Release|Any CPU = Release|Any CPU
		Release|x64 = Release|x64
		Release|x86 = Release|x86
	EndGlobalSection
	GlobalSection(ProjectConfigurationPlatforms) = postSolution
		{C62F11FE-BA8D-9A28-3E2E-88DA0614C4A7}.Debug|Any CPU.ActiveCfg = Debug|Any CPU
		{C62F11FE-BA8D-9A28-3E2E-88DA0614C4A7}.Debug|Any CPU.Build.0 = Debug|Any CPU
		{C62F11FE-BA8D-9A28-3E2E-88DA0614C4A7}.Debug|x64.ActiveCfg = Debug|Any CPU
		{C62F11FE-BA8D-9A28-3E2E-88DA0614C4A7}.Debug|x64.Build.0 = Debug|Any CPU
		{C62F11FE-BA8D-9A28-3E2E-88DA0614C4A7}.Debug|x86.ActiveCfg = Debug|Any CPU
		{C62F11FE-BA8D-9A28-3E2E-88DA0614C4A7}.Debug|x86.Build.0 = Debug|Any CPU
		{C62F11FE-BA8D-9A28-3E2E-88DA0614C4A7}.Release|Any CPU.ActiveCfg = Release|Any CPU
		{C62F11FE-BA8D-9A28-3E2E-88DA0614C4A7}.Release|Any CPU.Build.0 = Release|Any CPU
		{C62F11FE-BA8D-9A28-3E2E-88DA0614C4A7}.Release|x64.ActiveCfg = Release|Any CPU
		{C62F11FE-BA8D-9A28-3E2E-88DA0614C4A7}.Release|x64.Build.0 = Release|Any CPU
		{C62F11FE-BA8D-9A28-3E2E-88DA0614C4A7}.Release|x86.ActiveCfg = Release|Any CPU
		{C62F11FE-BA8D-9A28-3E2E-88DA0614C4A7}.Release|x86.Build.0 = Release|Any CPU
		{BEADB5FA-E21F-44C1-B1D6-2D714A06C9C7}.Debug|Any CPU.ActiveCfg = Debug|Any CPU
		{BEADB5FA-E21F-44C1-B1D6-2D714A06C9C7}.Debug|Any CPU.Build.0 = Debug|Any CPU
		{BEADB5FA-E21F-44C1-B1D6-2D714A06C9C7}.Debug|x64.ActiveCfg = Debug|Any CPU
		{BEADB5FA-E21F-44C1-B1D6-2D714A06C9C7}.Debug|x64.Build.0 = Debug|Any CPU
		{BEADB5FA-E21F-44C1-B1D6-2D714A06C9C7}.Debug|x86.ActiveCfg = Debug|Any CPU
		{BEADB5FA-E21F-44C1-B1D6-2D714A06C9C7}.Debug|x86.Build.0 = Debug|Any CPU
		{BEADB5FA-E21F-44C1-B1D6-2D714A06C9C7}.Release|Any CPU.ActiveCfg = Release|Any CPU
		{BEADB5FA-E21F-44C1-B1D6-2D714A06C9C7}.Release|Any CPU.Build.0 = Release|Any CPU
		{BEADB5FA-E21F-44C1-B1D6-2D714A06C9C7}.Release|x64.ActiveCfg = Release|Any CPU
		{BEADB5FA-E21F-44C1-B1D6-2D714A06C9C7}.Release|x64.Build.0 = Release|Any CPU
		{BEADB5FA-E21F-44C1-B1D6-2D714A06C9C7}.Release|x86.ActiveCfg = Release|Any CPU
		{BEADB5FA-E21F-44C1-B1D6-2D714A06C9C7}.Release|x86.Build.0 = Release|Any CPU
		{91C39FFA-8F02-48F1-A41D-C1B0F8F51D7A}.Debug|Any CPU.ActiveCfg = Debug|Any CPU
		{91C39FFA-8F02-48F1-A41D-C1B0F8F51D7A}.Debug|Any CPU.Build.0 = Debug|Any CPU
		{91C39FFA-8F02-48F1-A41D-C1B0F8F51D7A}.Debug|x64.ActiveCfg = Debug|Any CPU
		{91C39FFA-8F02-48F1-A41D-C1B0F8F51D7A}.Debug|x64.Build.0 = Debug|Any CPU
		{91C39FFA-8F02-48F1-A41D-C1B0F8F51D7A}.Debug|x86.ActiveCfg = Debug|Any CPU
		{91C39FFA-8F02-48F1-A41D-C1B0F8F51D7A}.Debug|x86.Build.0 = Debug|Any CPU
		{91C39FFA-8F02-48F1-A41D-C1B0F8F51D7A}.Release|Any CPU.ActiveCfg = Release|Any CPU
		{91C39FFA-8F02-48F1-A41D-C1B0F8F51D7A}.Release|Any CPU.Build.0 = Release|Any CPU
		{91C39FFA-8F02-48F1-A41D-C1B0F8F51D7A}.Release|x64.ActiveCfg = Release|Any CPU
		{91C39FFA-8F02-48F1-A41D-C1B0F8F51D7A}.Release|x64.Build.0 = Release|Any CPU
		{91C39FFA-8F02-48F1-A41D-C1B0F8F51D7A}.Release|x86.ActiveCfg = Release|Any CPU
		{91C39FFA-8F02-48F1-A41D-C1B0F8F51D7A}.Release|x86.Build.0 = Release|Any CPU
		{6034164F-780C-4781-8AC8-B3B6F96EF3D9}.Debug|Any CPU.ActiveCfg = Debug|Any CPU
		{6034164F-780C-4781-8AC8-B3B6F96EF3D9}.Debug|Any CPU.Build.0 = Debug|Any CPU
		{6034164F-780C-4781-8AC8-B3B6F96EF3D9}.Debug|x64.ActiveCfg = Debug|Any CPU
		{6034164F-780C-4781-8AC8-B3B6F96EF3D9}.Debug|x64.Build.0 = Debug|Any CPU
		{6034164F-780C-4781-8AC8-B3B6F96EF3D9}.Debug|x86.ActiveCfg = Debug|Any CPU
		{6034164F-780C-4781-8AC8-B3B6F96EF3D9}.Debug|x86.Build.0 = Debug|Any CPU
		{6034164F-780C-4781-8AC8-B3B6F96EF3D9}.Release|Any CPU.ActiveCfg = Release|Any CPU
		{6034164F-780C-4781-8AC8-B3B6F96EF3D9}.Release|Any CPU.Build.0 = Release|Any CPU
		{6034164F-780C-4781-8AC8-B3B6F96EF3D9}.Release|x64.ActiveCfg = Release|Any CPU
		{6034164F-780C-4781-8AC8-B3B6F96EF3D9}.Release|x64.Build.0 = Release|Any CPU
		{6034164F-780C-4781-8AC8-B3B6F96EF3D9}.Release|x86.ActiveCfg = Release|Any CPU
		{6034164F-780C-4781-8AC8-B3B6F96EF3D9}.Release|x86.Build.0 = Release|Any CPU
		{B3E6D4EE-3E60-4C00-8F1A-723C1FB0D429}.Debug|Any CPU.ActiveCfg = Debug|Any CPU
		{B3E6D4EE-3E60-4C00-8F1A-723C1FB0D429}.Debug|Any CPU.Build.0 = Debug|Any CPU
		{B3E6D4EE-3E60-4C00-8F1A-723C1FB0D429}.Debug|x64.ActiveCfg = Debug|Any CPU
		{B3E6D4EE-3E60-4C00-8F1A-723C1FB0D429}.Debug|x64.Build.0 = Debug|Any CPU
		{B3E6D4EE-3E60-4C00-8F1A-723C1FB0D429}.Debug|x86.ActiveCfg = Debug|Any CPU
		{B3E6D4EE-3E60-4C00-8F1A-723C1FB0D429}.Debug|x86.Build.0 = Debug|Any CPU
		{B3E6D4EE-3E60-4C00-8F1A-723C1FB0D429}.Release|Any CPU.ActiveCfg = Release|Any CPU
		{B3E6D4EE-3E60-4C00-8F1A-723C1FB0D429}.Release|Any CPU.Build.0 = Release|Any CPU
		{B3E6D4EE-3E60-4C00-8F1A-723C1FB0D429}.Release|x64.ActiveCfg = Release|Any CPU
		{B3E6D4EE-3E60-4C00-8F1A-723C1FB0D429}.Release|x64.Build.0 = Release|Any CPU
		{B3E6D4EE-3E60-4C00-8F1A-723C1FB0D429}.Release|x86.ActiveCfg = Release|Any CPU
		{B3E6D4EE-3E60-4C00-8F1A-723C1FB0D429}.Release|x86.Build.0 = Release|Any CPU
		{E57AB30E-6EEC-49D6-AA2C-9AA611B2EA39}.Debug|Any CPU.ActiveCfg = Debug|Any CPU
		{E57AB30E-6EEC-49D6-AA2C-9AA611B2EA39}.Debug|Any CPU.Build.0 = Debug|Any CPU
		{E57AB30E-6EEC-49D6-AA2C-9AA611B2EA39}.Debug|x64.ActiveCfg = Debug|Any CPU
		{E57AB30E-6EEC-49D6-AA2C-9AA611B2EA39}.Debug|x64.Build.0 = Debug|Any CPU
		{E57AB30E-6EEC-49D6-AA2C-9AA611B2EA39}.Debug|x86.ActiveCfg = Debug|Any CPU
		{E57AB30E-6EEC-49D6-AA2C-9AA611B2EA39}.Debug|x86.Build.0 = Debug|Any CPU
		{E57AB30E-6EEC-49D6-AA2C-9AA611B2EA39}.Release|Any CPU.ActiveCfg = Release|Any CPU
		{E57AB30E-6EEC-49D6-AA2C-9AA611B2EA39}.Release|Any CPU.Build.0 = Release|Any CPU
		{E57AB30E-6EEC-49D6-AA2C-9AA611B2EA39}.Release|x64.ActiveCfg = Release|Any CPU
		{E57AB30E-6EEC-49D6-AA2C-9AA611B2EA39}.Release|x64.Build.0 = Release|Any CPU
		{E57AB30E-6EEC-49D6-AA2C-9AA611B2EA39}.Release|x86.ActiveCfg = Release|Any CPU
		{E57AB30E-6EEC-49D6-AA2C-9AA611B2EA39}.Release|x86.Build.0 = Release|Any CPU
	EndGlobalSection
	GlobalSection(SolutionProperties) = preSolution
		HideSolutionNode = FALSE
	EndGlobalSection
	GlobalSection(NestedProjects) = preSolution
		{BEADB5FA-E21F-44C1-B1D6-2D714A06C9C7} = {BEC6521A-F901-2BBF-F273-35A4FDC6E8A1}
		{91C39FFA-8F02-48F1-A41D-C1B0F8F51D7A} = {BEC6521A-F901-2BBF-F273-35A4FDC6E8A1}
		{6034164F-780C-4781-8AC8-B3B6F96EF3D9} = {BEC6521A-F901-2BBF-F273-35A4FDC6E8A1}
		{B3E6D4EE-3E60-4C00-8F1A-723C1FB0D429} = {DEB6B027-6A0D-83F8-631D-D514AE904363}
		{E57AB30E-6EEC-49D6-AA2C-9AA611B2EA39} = {DEB6B027-6A0D-83F8-631D-D514AE904363}
	EndGlobalSection
	GlobalSection(ExtensibilityGlobals) = postSolution
		SolutionGuid = {763BDD02-92D8-4D61-86A2-FF562193E4E9}
	EndGlobalSection
EndGlobal
